
Microsoft Visual Studio Solution File, Format Version 12.00
# Visual Studio Version 16
VisualStudioVersion = 16.0.30204.135
MinimumVisualStudioVersion = 10.0.40219.1
Project("{FAE04EC0-301F-11D3-BF4B-00C04F79EFBC}") = "WpfApp1", "WpfApp1\WpfApp1.csproj", "{B049A32A-E557-4863-871D-C49438A4977A}"
EndProject
Global
	GlobalSection(SolutionConfigurationPlatforms) = preSolution
		Debug|Any CPU = Debug|Any CPU
		Release|Any CPU = Release|Any CPU
	EndGlobalSection
	GlobalSection(ProjectConfigurationPlatforms) = postSolution
		{B049A32A-E557-4863-871D-C49438A4977A}.Debug|Any CPU.ActiveCfg = Debug|Any CPU
		{B049A32A-E557-4863-871D-C49438A4977A}.Debug|Any CPU.Build.0 = Debug|Any CPU
		{B049A32A-E557-4863-871D-C49438A4977A}.Release|Any CPU.ActiveCfg = Release|Any CPU
		{B049A32A-E557-4863-871D-C49438A4977A}.Release|Any CPU.Build.0 = Release|Any CPU
	EndGlobalSection
	GlobalSection(SolutionProperties) = preSolution
		HideSolutionNode = FALSE
	EndGlobalSection
	GlobalSection(ExtensibilityGlobals) = postSolution
		SolutionGuid = {537440C4-F43D-47E5-90CB-41406C9EB104}
	EndGlobalSection
EndGlobal
